// !$*UTF8*$!
{
	archiveVersion = 1;
	classes = {
	};
	objectVersion = 56;
	objects = {

/* Begin PBXBuildFile section */
		1CB81F302CAD2B6C000D9166 /* VinSearchApp.swift in Sources */ = {isa = PBXBuildFile; fileRef = 1CB81F2F2CAD2B6C000D9166 /* VinSearchApp.swift */; };
		1CB81F322CAD2B6C000D9166 /* VinMainView.swift in Sources */ = {isa = PBXBuildFile; fileRef = 1CB81F312CAD2B6C000D9166 /* VinMainView.swift */; };
		1CB81F342CAD2B6C000D9166 /* Item.swift in Sources */ = {isa = PBXBuildFile; fileRef = 1CB81F332CAD2B6C000D9166 /* Item.swift */; };
		1CB81F362CAD2B85000D9166 /* Assets.xcassets in Resources */ = {isa = PBXBuildFile; fileRef = 1CB81F352CAD2B85000D9166 /* Assets.xcassets */; };
		1CB81F392CAD2B85000D9166 /* Preview Assets.xcassets in Resources */ = {isa = PBXBuildFile; fileRef = 1CB81F382CAD2B85000D9166 /* Preview Assets.xcassets */; };
		1CB81F432CAD2B86000D9166 /* VinSearchTests.swift in Sources */ = {isa = PBXBuildFile; fileRef = 1CB81F422CAD2B86000D9166 /* VinSearchTests.swift */; };
		1CB81F4D2CAD2B86000D9166 /* VinSearchUITests.swift in Sources */ = {isa = PBXBuildFile; fileRef = 1CB81F4C2CAD2B86000D9166 /* VinSearchUITests.swift */; };
		1CB81F4F2CAD2B86000D9166 /* VinSearchUITestsLaunchTests.swift in Sources */ = {isa = PBXBuildFile; fileRef = 1CB81F4E2CAD2B86000D9166 /* VinSearchUITestsLaunchTests.swift */; };
		1CB81F5E2CAD2E11000D9166 /* VinDetailsView.swift in Sources */ = {isa = PBXBuildFile; fileRef = 1CB81F5D2CAD2E11000D9166 /* VinDetailsView.swift */; };
		1CB81F612CAD2EC8000D9166 /* VinDetailsDto.swift in Sources */ = {isa = PBXBuildFile; fileRef = 1CB81F602CAD2EC8000D9166 /* VinDetailsDto.swift */; };
		1CB81F632CAD2F59000D9166 /* VinDetailsViewModel.swift in Sources */ = {isa = PBXBuildFile; fileRef = 1CB81F622CAD2F59000D9166 /* VinDetailsViewModel.swift */; };
		1CB81F662CAD4039000D9166 /* NinjasApiClient.swift in Sources */ = {isa = PBXBuildFile; fileRef = 1CB81F652CAD4039000D9166 /* NinjasApiClient.swift */; };
		1CB81F682CAD405C000D9166 /* ApiError.swift in Sources */ = {isa = PBXBuildFile; fileRef = 1CB81F672CAD405C000D9166 /* ApiError.swift */; };
		1CB81F6A2CAD407E000D9166 /* ErrorDto.swift in Sources */ = {isa = PBXBuildFile; fileRef = 1CB81F692CAD407E000D9166 /* ErrorDto.swift */; };
		1CB81F6C2CAD40C2000D9166 /* ApiRequestProtocol.swift in Sources */ = {isa = PBXBuildFile; fileRef = 1CB81F6B2CAD40C2000D9166 /* ApiRequestProtocol.swift */; };
		1CB81F6E2CAD40D8000D9166 /* RequestMethodType.swift in Sources */ = {isa = PBXBuildFile; fileRef = 1CB81F6D2CAD40D8000D9166 /* RequestMethodType.swift */; };
		1CB81F702CAD40F0000D9166 /* VinLookupRequest.swift in Sources */ = {isa = PBXBuildFile; fileRef = 1CB81F6F2CAD40F0000D9166 /* VinLookupRequest.swift */; };
		1CB81F722CAD41A9000D9166 /* VinApiClientProtocol.swift in Sources */ = {isa = PBXBuildFile; fileRef = 1CB81F712CAD41A9000D9166 /* VinApiClientProtocol.swift */; };
		1CB81F752CAD46CF000D9166 /* VinService.swift in Sources */ = {isa = PBXBuildFile; fileRef = 1CB81F742CAD46CF000D9166 /* VinService.swift */; };
		1CB81F772CAD4738000D9166 /* Config.swift in Sources */ = {isa = PBXBuildFile; fileRef = 1CB81F762CAD4738000D9166 /* Config.swift */; };
/* End PBXBuildFile section */

/* Begin PBXContainerItemProxy section */
		1CB81F3F2CAD2B86000D9166 /* PBXContainerItemProxy */ = {
			isa = PBXContainerItemProxy;
			containerPortal = 1CB81F242CAD2B6C000D9166 /* Project object */;
			proxyType = 1;
			remoteGlobalIDString = 1CB81F2B2CAD2B6C000D9166;
			remoteInfo = VinSearch;
		};
		1CB81F492CAD2B86000D9166 /* PBXContainerItemProxy */ = {
			isa = PBXContainerItemProxy;
			containerPortal = 1CB81F242CAD2B6C000D9166 /* Project object */;
			proxyType = 1;
			remoteGlobalIDString = 1CB81F2B2CAD2B6C000D9166;
			remoteInfo = VinSearch;
		};
/* End PBXContainerItemProxy section */

/* Begin PBXFileReference section */
		1CB81F2C2CAD2B6C000D9166 /* VinSearch.app */ = {isa = PBXFileReference; explicitFileType = wrapper.application; includeInIndex = 0; path = VinSearch.app; sourceTree = BUILT_PRODUCTS_DIR; };
		1CB81F2F2CAD2B6C000D9166 /* VinSearchApp.swift */ = {isa = PBXFileReference; lastKnownFileType = sourcecode.swift; path = VinSearchApp.swift; sourceTree = "<group>"; };
		1CB81F312CAD2B6C000D9166 /* VinMainView.swift */ = {isa = PBXFileReference; lastKnownFileType = sourcecode.swift; path = VinMainView.swift; sourceTree = "<group>"; };
		1CB81F332CAD2B6C000D9166 /* Item.swift */ = {isa = PBXFileReference; lastKnownFileType = sourcecode.swift; path = Item.swift; sourceTree = "<group>"; };
		1CB81F352CAD2B85000D9166 /* Assets.xcassets */ = {isa = PBXFileReference; lastKnownFileType = folder.assetcatalog; path = Assets.xcassets; sourceTree = "<group>"; };
		1CB81F382CAD2B85000D9166 /* Preview Assets.xcassets */ = {isa = PBXFileReference; lastKnownFileType = folder.assetcatalog; path = "Preview Assets.xcassets"; sourceTree = "<group>"; };
		1CB81F3E2CAD2B86000D9166 /* VinSearchTests.xctest */ = {isa = PBXFileReference; explicitFileType = wrapper.cfbundle; includeInIndex = 0; path = VinSearchTests.xctest; sourceTree = BUILT_PRODUCTS_DIR; };
		1CB81F422CAD2B86000D9166 /* VinSearchTests.swift */ = {isa = PBXFileReference; lastKnownFileType = sourcecode.swift; path = VinSearchTests.swift; sourceTree = "<group>"; };
		1CB81F482CAD2B86000D9166 /* VinSearchUITests.xctest */ = {isa = PBXFileReference; explicitFileType = wrapper.cfbundle; includeInIndex = 0; path = VinSearchUITests.xctest; sourceTree = BUILT_PRODUCTS_DIR; };
		1CB81F4C2CAD2B86000D9166 /* VinSearchUITests.swift */ = {isa = PBXFileReference; lastKnownFileType = sourcecode.swift; path = VinSearchUITests.swift; sourceTree = "<group>"; };
		1CB81F4E2CAD2B86000D9166 /* VinSearchUITestsLaunchTests.swift */ = {isa = PBXFileReference; lastKnownFileType = sourcecode.swift; path = VinSearchUITestsLaunchTests.swift; sourceTree = "<group>"; };
		1CB81F5D2CAD2E11000D9166 /* VinDetailsView.swift */ = {isa = PBXFileReference; lastKnownFileType = sourcecode.swift; path = VinDetailsView.swift; sourceTree = "<group>"; };
		1CB81F602CAD2EC8000D9166 /* VinDetailsDto.swift */ = {isa = PBXFileReference; lastKnownFileType = sourcecode.swift; path = VinDetailsDto.swift; sourceTree = "<group>"; };
		1CB81F622CAD2F59000D9166 /* VinDetailsViewModel.swift */ = {isa = PBXFileReference; lastKnownFileType = sourcecode.swift; path = VinDetailsViewModel.swift; sourceTree = "<group>"; };
		1CB81F652CAD4039000D9166 /* NinjasApiClient.swift */ = {isa = PBXFileReference; lastKnownFileType = sourcecode.swift; path = NinjasApiClient.swift; sourceTree = "<group>"; };
		1CB81F672CAD405C000D9166 /* ApiError.swift */ = {isa = PBXFileReference; lastKnownFileType = sourcecode.swift; path = ApiError.swift; sourceTree = "<group>"; };
		1CB81F692CAD407E000D9166 /* ErrorDto.swift */ = {isa = PBXFileReference; lastKnownFileType = sourcecode.swift; path = ErrorDto.swift; sourceTree = "<group>"; };
		1CB81F6B2CAD40C2000D9166 /* ApiRequestProtocol.swift */ = {isa = PBXFileReference; lastKnownFileType = sourcecode.swift; path = ApiRequestProtocol.swift; sourceTree = "<group>"; };
		1CB81F6D2CAD40D8000D9166 /* RequestMethodType.swift */ = {isa = PBXFileReference; lastKnownFileType = sourcecode.swift; path = RequestMethodType.swift; sourceTree = "<group>"; };
		1CB81F6F2CAD40F0000D9166 /* VinLookupRequest.swift */ = {isa = PBXFileReference; lastKnownFileType = sourcecode.swift; path = VinLookupRequest.swift; sourceTree = "<group>"; };
		1CB81F712CAD41A9000D9166 /* VinApiClientProtocol.swift */ = {isa = PBXFileReference; lastKnownFileType = sourcecode.swift; path = VinApiClientProtocol.swift; sourceTree = "<group>"; };
		1CB81F742CAD46CF000D9166 /* VinService.swift */ = {isa = PBXFileReference; lastKnownFileType = sourcecode.swift; path = VinService.swift; sourceTree = "<group>"; };
		1CB81F762CAD4738000D9166 /* Config.swift */ = {isa = PBXFileReference; lastKnownFileType = sourcecode.swift; path = Config.swift; sourceTree = "<group>"; };
/* End PBXFileReference section */

/* Begin PBXFrameworksBuildPhase section */
		1CB81F292CAD2B6C000D9166 /* Frameworks */ = {
			isa = PBXFrameworksBuildPhase;
			buildActionMask = 2147483647;
			files = (
			);
			runOnlyForDeploymentPostprocessing = 0;
		};
		1CB81F3B2CAD2B86000D9166 /* Frameworks */ = {
			isa = PBXFrameworksBuildPhase;
			buildActionMask = 2147483647;
			files = (
			);
			runOnlyForDeploymentPostprocessing = 0;
		};
		1CB81F452CAD2B86000D9166 /* Frameworks */ = {
			isa = PBXFrameworksBuildPhase;
			buildActionMask = 2147483647;
			files = (
			);
			runOnlyForDeploymentPostprocessing = 0;
		};
/* End PBXFrameworksBuildPhase section */

/* Begin PBXGroup section */
		1CB81F232CAD2B6C000D9166 = {
			isa = PBXGroup;
			children = (
				1CB81F2E2CAD2B6C000D9166 /* VinSearch */,
				1CB81F412CAD2B86000D9166 /* VinSearchTests */,
				1CB81F4B2CAD2B86000D9166 /* VinSearchUITests */,
				1CB81F2D2CAD2B6C000D9166 /* Products */,
			);
			sourceTree = "<group>";
		};
		1CB81F2D2CAD2B6C000D9166 /* Products */ = {
			isa = PBXGroup;
			children = (
				1CB81F2C2CAD2B6C000D9166 /* VinSearch.app */,
				1CB81F3E2CAD2B86000D9166 /* VinSearchTests.xctest */,
				1CB81F482CAD2B86000D9166 /* VinSearchUITests.xctest */,
			);
			name = Products;
			sourceTree = "<group>";
		};
		1CB81F2E2CAD2B6C000D9166 /* VinSearch */ = {
			isa = PBXGroup;
			children = (
				1CB81F2F2CAD2B6C000D9166 /* VinSearchApp.swift */,
				1CB81F762CAD4738000D9166 /* Config.swift */,
				1CB81F5B2CAD2D2E000D9166 /* MainView */,
				1CB81F332CAD2B6C000D9166 /* Item.swift */,
				1CB81F5C2CAD2E01000D9166 /* DetailsView */,
				1CB81F732CAD46A7000D9166 /* Services */,
				1CB81F5F2CAD2EB2000D9166 /* Networking */,
				1CB81F352CAD2B85000D9166 /* Assets.xcassets */,
				1CB81F372CAD2B85000D9166 /* Preview Content */,
			);
			path = VinSearch;
			sourceTree = "<group>";
		};
		1CB81F372CAD2B85000D9166 /* Preview Content */ = {
			isa = PBXGroup;
			children = (
				1CB81F382CAD2B85000D9166 /* Preview Assets.xcassets */,
			);
			path = "Preview Content";
			sourceTree = "<group>";
		};
		1CB81F412CAD2B86000D9166 /* VinSearchTests */ = {
			isa = PBXGroup;
			children = (
				1CB81F422CAD2B86000D9166 /* VinSearchTests.swift */,
			);
			path = VinSearchTests;
			sourceTree = "<group>";
		};
		1CB81F4B2CAD2B86000D9166 /* VinSearchUITests */ = {
			isa = PBXGroup;
			children = (
				1CB81F4C2CAD2B86000D9166 /* VinSearchUITests.swift */,
				1CB81F4E2CAD2B86000D9166 /* VinSearchUITestsLaunchTests.swift */,
			);
			path = VinSearchUITests;
			sourceTree = "<group>";
		};
		1CB81F5B2CAD2D2E000D9166 /* MainView */ = {
			isa = PBXGroup;
			children = (
				1CB81F312CAD2B6C000D9166 /* VinMainView.swift */,
			);
			path = MainView;
			sourceTree = "<group>";
		};
		1CB81F5C2CAD2E01000D9166 /* DetailsView */ = {
			isa = PBXGroup;
			children = (
				1CB81F5D2CAD2E11000D9166 /* VinDetailsView.swift */,
				1CB81F622CAD2F59000D9166 /* VinDetailsViewModel.swift */,
			);
			path = DetailsView;
			sourceTree = "<group>";
		};
		1CB81F5F2CAD2EB2000D9166 /* Networking */ = {
			isa = PBXGroup;
			children = (
				1CB81F642CAD30E6000D9166 /* DTO */,
				1CB81F652CAD4039000D9166 /* NinjasApiClient.swift */,
				1CB81F712CAD41A9000D9166 /* VinApiClientProtocol.swift */,
				1CB81F6F2CAD40F0000D9166 /* VinLookupRequest.swift */,
				1CB81F6B2CAD40C2000D9166 /* ApiRequestProtocol.swift */,
				1CB81F6D2CAD40D8000D9166 /* RequestMethodType.swift */,
				1CB81F672CAD405C000D9166 /* ApiError.swift */,
			);
			path = Networking;
			sourceTree = "<group>";
		};
		1CB81F642CAD30E6000D9166 /* DTO */ = {
			isa = PBXGroup;
			children = (
				1CB81F602CAD2EC8000D9166 /* VinDetailsDto.swift */,
				1CB81F692CAD407E000D9166 /* ErrorDto.swift */,
			);
			path = DTO;
			sourceTree = "<group>";
		};
		1CB81F732CAD46A7000D9166 /* Services */ = {
			isa = PBXGroup;
			children = (
				1CB81F742CAD46CF000D9166 /* VinService.swift */,
			);
			path = Services;
			sourceTree = "<group>";
		};
/* End PBXGroup section */

/* Begin PBXNativeTarget section */
		1CB81F2B2CAD2B6C000D9166 /* VinSearch */ = {
			isa = PBXNativeTarget;
			buildConfigurationList = 1CB81F522CAD2B86000D9166 /* Build configuration list for PBXNativeTarget "VinSearch" */;
			buildPhases = (
				1CB81F282CAD2B6C000D9166 /* Sources */,
				1CB81F292CAD2B6C000D9166 /* Frameworks */,
				1CB81F2A2CAD2B6C000D9166 /* Resources */,
			);
			buildRules = (
			);
			dependencies = (
			);
			name = VinSearch;
			productName = VinSearch;
			productReference = 1CB81F2C2CAD2B6C000D9166 /* VinSearch.app */;
			productType = "com.apple.product-type.application";
		};
		1CB81F3D2CAD2B86000D9166 /* VinSearchTests */ = {
			isa = PBXNativeTarget;
			buildConfigurationList = 1CB81F552CAD2B86000D9166 /* Build configuration list for PBXNativeTarget "VinSearchTests" */;
			buildPhases = (
				1CB81F3A2CAD2B86000D9166 /* Sources */,
				1CB81F3B2CAD2B86000D9166 /* Frameworks */,
				1CB81F3C2CAD2B86000D9166 /* Resources */,
			);
			buildRules = (
			);
			dependencies = (
				1CB81F402CAD2B86000D9166 /* PBXTargetDependency */,
			);
			name = VinSearchTests;
			productName = VinSearchTests;
			productReference = 1CB81F3E2CAD2B86000D9166 /* VinSearchTests.xctest */;
			productType = "com.apple.product-type.bundle.unit-test";
		};
		1CB81F472CAD2B86000D9166 /* VinSearchUITests */ = {
			isa = PBXNativeTarget;
			buildConfigurationList = 1CB81F582CAD2B86000D9166 /* Build configuration list for PBXNativeTarget "VinSearchUITests" */;
			buildPhases = (
				1CB81F442CAD2B86000D9166 /* Sources */,
				1CB81F452CAD2B86000D9166 /* Frameworks */,
				1CB81F462CAD2B86000D9166 /* Resources */,
			);
			buildRules = (
			);
			dependencies = (
				1CB81F4A2CAD2B86000D9166 /* PBXTargetDependency */,
			);
			name = VinSearchUITests;
			productName = VinSearchUITests;
			productReference = 1CB81F482CAD2B86000D9166 /* VinSearchUITests.xctest */;
			productType = "com.apple.product-type.bundle.ui-testing";
		};
/* End PBXNativeTarget section */

/* Begin PBXProject section */
		1CB81F242CAD2B6C000D9166 /* Project object */ = {
			isa = PBXProject;
			attributes = {
				BuildIndependentTargetsInParallel = 1;
				LastSwiftUpdateCheck = 1520;
				LastUpgradeCheck = 1520;
				TargetAttributes = {
					1CB81F2B2CAD2B6C000D9166 = {
						CreatedOnToolsVersion = 15.2;
					};
					1CB81F3D2CAD2B86000D9166 = {
						CreatedOnToolsVersion = 15.2;
						TestTargetID = 1CB81F2B2CAD2B6C000D9166;
					};
					1CB81F472CAD2B86000D9166 = {
						CreatedOnToolsVersion = 15.2;
						TestTargetID = 1CB81F2B2CAD2B6C000D9166;
					};
				};
			};
			buildConfigurationList = 1CB81F272CAD2B6C000D9166 /* Build configuration list for PBXProject "VinSearch" */;
			compatibilityVersion = "Xcode 14.0";
			developmentRegion = en;
			hasScannedForEncodings = 0;
			knownRegions = (
				en,
				Base,
			);
			mainGroup = 1CB81F232CAD2B6C000D9166;
			productRefGroup = 1CB81F2D2CAD2B6C000D9166 /* Products */;
			projectDirPath = "";
			projectRoot = "";
			targets = (
				1CB81F2B2CAD2B6C000D9166 /* VinSearch */,
				1CB81F3D2CAD2B86000D9166 /* VinSearchTests */,
				1CB81F472CAD2B86000D9166 /* VinSearchUITests */,
			);
		};
/* End PBXProject section */

/* Begin PBXResourcesBuildPhase section */
		1CB81F2A2CAD2B6C000D9166 /* Resources */ = {
			isa = PBXResourcesBuildPhase;
			buildActionMask = 2147483647;
			files = (
				1CB81F392CAD2B85000D9166 /* Preview Assets.xcassets in Resources */,
				1CB81F362CAD2B85000D9166 /* Assets.xcassets in Resources */,
			);
			runOnlyForDeploymentPostprocessing = 0;
		};
		1CB81F3C2CAD2B86000D9166 /* Resources */ = {
			isa = PBXResourcesBuildPhase;
			buildActionMask = 2147483647;
			files = (
			);
			runOnlyForDeploymentPostprocessing = 0;
		};
		1CB81F462CAD2B86000D9166 /* Resources */ = {
			isa = PBXResourcesBuildPhase;
			buildActionMask = 2147483647;
			files = (
			);
			runOnlyForDeploymentPostprocessing = 0;
		};
/* End PBXResourcesBuildPhase section */

/* Begin PBXSourcesBuildPhase section */
		1CB81F282CAD2B6C000D9166 /* Sources */ = {
			isa = PBXSourcesBuildPhase;
			buildActionMask = 2147483647;
			files = (
				1CB81F6C2CAD40C2000D9166 /* ApiRequestProtocol.swift in Sources */,
				1CB81F662CAD4039000D9166 /* NinjasApiClient.swift in Sources */,
				1CB81F772CAD4738000D9166 /* Config.swift in Sources */,
				1CB81F322CAD2B6C000D9166 /* VinMainView.swift in Sources */,
				1CB81F342CAD2B6C000D9166 /* Item.swift in Sources */,
				1CB81F6E2CAD40D8000D9166 /* RequestMethodType.swift in Sources */,
				1CB81F632CAD2F59000D9166 /* VinDetailsViewModel.swift in Sources */,
				1CB81F5E2CAD2E11000D9166 /* VinDetailsView.swift in Sources */,
				1CB81F682CAD405C000D9166 /* ApiError.swift in Sources */,
				1CB81F302CAD2B6C000D9166 /* VinSearchApp.swift in Sources */,
				1CB81F702CAD40F0000D9166 /* VinLookupRequest.swift in Sources */,
				1CB81F6A2CAD407E000D9166 /* ErrorDto.swift in Sources */,
				1CB81F752CAD46CF000D9166 /* VinService.swift in Sources */,
				1CB81F722CAD41A9000D9166 /* VinApiClientProtocol.swift in Sources */,
				1CB81F612CAD2EC8000D9166 /* VinDetailsDto.swift in Sources */,
			);
			runOnlyForDeploymentPostprocessing = 0;
		};
		1CB81F3A2CAD2B86000D9166 /* Sources */ = {
			isa = PBXSourcesBuildPhase;
			buildActionMask = 2147483647;
			files = (
				1CB81F432CAD2B86000D9166 /* VinSearchTests.swift in Sources */,
			);
			runOnlyForDeploymentPostprocessing = 0;
		};
		1CB81F442CAD2B86000D9166 /* Sources */ = {
			isa = PBXSourcesBuildPhase;
			buildActionMask = 2147483647;
			files = (
				1CB81F4F2CAD2B86000D9166 /* VinSearchUITestsLaunchTests.swift in Sources */,
				1CB81F4D2CAD2B86000D9166 /* VinSearchUITests.swift in Sources */,
			);
			runOnlyForDeploymentPostprocessing = 0;
		};
/* End PBXSourcesBuildPhase section */

/* Begin PBXTargetDependency section */
		1CB81F402CAD2B86000D9166 /* PBXTargetDependency */ = {
			isa = PBXTargetDependency;
			target = 1CB81F2B2CAD2B6C000D9166 /* VinSearch */;
			targetProxy = 1CB81F3F2CAD2B86000D9166 /* PBXContainerItemProxy */;
		};
		1CB81F4A2CAD2B86000D9166 /* PBXTargetDependency */ = {
			isa = PBXTargetDependency;
			target = 1CB81F2B2CAD2B6C000D9166 /* VinSearch */;
			targetProxy = 1CB81F492CAD2B86000D9166 /* PBXContainerItemProxy */;
		};
/* End PBXTargetDependency section */

/* Begin XCBuildConfiguration section */
		1CB81F502CAD2B86000D9166 /* Debug */ = {
			isa = XCBuildConfiguration;
			buildSettings = {
				ALWAYS_SEARCH_USER_PATHS = NO;
				ASSETCATALOG_COMPILER_GENERATE_SWIFT_ASSET_SYMBOL_EXTENSIONS = YES;
				CLANG_ANALYZER_NONNULL = YES;
				CLANG_ANALYZER_NUMBER_OBJECT_CONVERSION = YES_AGGRESSIVE;
				CLANG_CXX_LANGUAGE_STANDARD = "gnu++20";
				CLANG_ENABLE_MODULES = YES;
				CLANG_ENABLE_OBJC_ARC = YES;
				CLANG_ENABLE_OBJC_WEAK = YES;
				CLANG_WARN_BLOCK_CAPTURE_AUTORELEASING = YES;
				CLANG_WARN_BOOL_CONVERSION = YES;
				CLANG_WARN_COMMA = YES;
				CLANG_WARN_CONSTANT_CONVERSION = YES;
				CLANG_WARN_DEPRECATED_OBJC_IMPLEMENTATIONS = YES;
				CLANG_WARN_DIRECT_OBJC_ISA_USAGE = YES_ERROR;
				CLANG_WARN_DOCUMENTATION_COMMENTS = YES;
				CLANG_WARN_EMPTY_BODY = YES;
				CLANG_WARN_ENUM_CONVERSION = YES;
				CLANG_WARN_INFINITE_RECURSION = YES;
				CLANG_WARN_INT_CONVERSION = YES;
				CLANG_WARN_NON_LITERAL_NULL_CONVERSION = YES;
				CLANG_WARN_OBJC_IMPLICIT_RETAIN_SELF = YES;
				CLANG_WARN_OBJC_LITERAL_CONVERSION = YES;
				CLANG_WARN_OBJC_ROOT_CLASS = YES_ERROR;
				CLANG_WARN_QUOTED_INCLUDE_IN_FRAMEWORK_HEADER = YES;
				CLANG_WARN_RANGE_LOOP_ANALYSIS = YES;
				CLANG_WARN_STRICT_PROTOTYPES = YES;
				CLANG_WARN_SUSPICIOUS_MOVE = YES;
				CLANG_WARN_UNGUARDED_AVAILABILITY = YES_AGGRESSIVE;
				CLANG_WARN_UNREACHABLE_CODE = YES;
				CLANG_WARN__DUPLICATE_METHOD_MATCH = YES;
				COPY_PHASE_STRIP = NO;
				DEBUG_INFORMATION_FORMAT = dwarf;
				ENABLE_STRICT_OBJC_MSGSEND = YES;
				ENABLE_TESTABILITY = YES;
				ENABLE_USER_SCRIPT_SANDBOXING = YES;
				GCC_C_LANGUAGE_STANDARD = gnu17;
				GCC_DYNAMIC_NO_PIC = NO;
				GCC_NO_COMMON_BLOCKS = YES;
				GCC_OPTIMIZATION_LEVEL = 0;
				GCC_PREPROCESSOR_DEFINITIONS = (
					"DEBUG=1",
					"$(inherited)",
				);
				GCC_WARN_64_TO_32_BIT_CONVERSION = YES;
				GCC_WARN_ABOUT_RETURN_TYPE = YES_ERROR;
				GCC_WARN_UNDECLARED_SELECTOR = YES;
				GCC_WARN_UNINITIALIZED_AUTOS = YES_AGGRESSIVE;
				GCC_WARN_UNUSED_FUNCTION = YES;
				GCC_WARN_UNUSED_VARIABLE = YES;
				IPHONEOS_DEPLOYMENT_TARGET = 17.2;
				LOCALIZATION_PREFERS_STRING_CATALOGS = YES;
				MTL_ENABLE_DEBUG_INFO = INCLUDE_SOURCE;
				MTL_FAST_MATH = YES;
				ONLY_ACTIVE_ARCH = YES;
				SDKROOT = iphoneos;
				SWIFT_ACTIVE_COMPILATION_CONDITIONS = "DEBUG $(inherited)";
				SWIFT_OPTIMIZATION_LEVEL = "-Onone";
			};
			name = Debug;
		};
		1CB81F512CAD2B86000D9166 /* Release */ = {
			isa = XCBuildConfiguration;
			buildSettings = {
				ALWAYS_SEARCH_USER_PATHS = NO;
				ASSETCATALOG_COMPILER_GENERATE_SWIFT_ASSET_SYMBOL_EXTENSIONS = YES;
				CLANG_ANALYZER_NONNULL = YES;
				CLANG_ANALYZER_NUMBER_OBJECT_CONVERSION = YES_AGGRESSIVE;
				CLANG_CXX_LANGUAGE_STANDARD = "gnu++20";
				CLANG_ENABLE_MODULES = YES;
				CLANG_ENABLE_OBJC_ARC = YES;
				CLANG_ENABLE_OBJC_WEAK = YES;
				CLANG_WARN_BLOCK_CAPTURE_AUTORELEASING = YES;
				CLANG_WARN_BOOL_CONVERSION = YES;
				CLANG_WARN_COMMA = YES;
				CLANG_WARN_CONSTANT_CONVERSION = YES;
				CLANG_WARN_DEPRECATED_OBJC_IMPLEMENTATIONS = YES;
				CLANG_WARN_DIRECT_OBJC_ISA_USAGE = YES_ERROR;
				CLANG_WARN_DOCUMENTATION_COMMENTS = YES;
				CLANG_WARN_EMPTY_BODY = YES;
				CLANG_WARN_ENUM_CONVERSION = YES;
				CLANG_WARN_INFINITE_RECURSION = YES;
				CLANG_WARN_INT_CONVERSION = YES;
				CLANG_WARN_NON_LITERAL_NULL_CONVERSION = YES;
				CLANG_WARN_OBJC_IMPLICIT_RETAIN_SELF = YES;
				CLANG_WARN_OBJC_LITERAL_CONVERSION = YES;
				CLANG_WARN_OBJC_ROOT_CLASS = YES_ERROR;
				CLANG_WARN_QUOTED_INCLUDE_IN_FRAMEWORK_HEADER = YES;
				CLANG_WARN_RANGE_LOOP_ANALYSIS = YES;
				CLANG_WARN_STRICT_PROTOTYPES = YES;
				CLANG_WARN_SUSPICIOUS_MOVE = YES;
				CLANG_WARN_UNGUARDED_AVAILABILITY = YES_AGGRESSIVE;
				CLANG_WARN_UNREACHABLE_CODE = YES;
				CLANG_WARN__DUPLICATE_METHOD_MATCH = YES;
				COPY_PHASE_STRIP = NO;
				DEBUG_INFORMATION_FORMAT = "dwarf-with-dsym";
				ENABLE_NS_ASSERTIONS = NO;
				ENABLE_STRICT_OBJC_MSGSEND = YES;
				ENABLE_USER_SCRIPT_SANDBOXING = YES;
				GCC_C_LANGUAGE_STANDARD = gnu17;
				GCC_NO_COMMON_BLOCKS = YES;
				GCC_WARN_64_TO_32_BIT_CONVERSION = YES;
				GCC_WARN_ABOUT_RETURN_TYPE = YES_ERROR;
				GCC_WARN_UNDECLARED_SELECTOR = YES;
				GCC_WARN_UNINITIALIZED_AUTOS = YES_AGGRESSIVE;
				GCC_WARN_UNUSED_FUNCTION = YES;
				GCC_WARN_UNUSED_VARIABLE = YES;
				IPHONEOS_DEPLOYMENT_TARGET = 17.2;
				LOCALIZATION_PREFERS_STRING_CATALOGS = YES;
				MTL_ENABLE_DEBUG_INFO = NO;
				MTL_FAST_MATH = YES;
				SDKROOT = iphoneos;
				SWIFT_COMPILATION_MODE = wholemodule;
				VALIDATE_PRODUCT = YES;
			};
			name = Release;
		};
		1CB81F532CAD2B86000D9166 /* Debug */ = {
			isa = XCBuildConfiguration;
			buildSettings = {
				ASSETCATALOG_COMPILER_APPICON_NAME = AppIcon;
				ASSETCATALOG_COMPILER_GLOBAL_ACCENT_COLOR_NAME = AccentColor;
				CODE_SIGN_STYLE = Automatic;
				CURRENT_PROJECT_VERSION = 1;
				DEVELOPMENT_ASSET_PATHS = "\"VinSearch/Preview Content\"";
				ENABLE_PREVIEWS = YES;
				GENERATE_INFOPLIST_FILE = YES;
				INFOPLIST_KEY_UIApplicationSceneManifest_Generation = YES;
				INFOPLIST_KEY_UIApplicationSupportsIndirectInputEvents = YES;
				INFOPLIST_KEY_UILaunchScreen_Generation = YES;
				INFOPLIST_KEY_UISupportedInterfaceOrientations_iPad = "UIInterfaceOrientationPortrait UIInterfaceOrientationPortraitUpsideDown UIInterfaceOrientationLandscapeLeft UIInterfaceOrientationLandscapeRight";
				INFOPLIST_KEY_UISupportedInterfaceOrientations_iPhone = "UIInterfaceOrientationPortrait UIInterfaceOrientationLandscapeLeft UIInterfaceOrientationLandscapeRight";
				LD_RUNPATH_SEARCH_PATHS = (
					"$(inherited)",
					"@executable_path/Frameworks",
				);
				MARKETING_VERSION = 1.0;
				PRODUCT_BUNDLE_IDENTIFIER = org.test.VinSearch;
				PRODUCT_NAME = "$(TARGET_NAME)";
				SWIFT_EMIT_LOC_STRINGS = YES;
				SWIFT_VERSION = 5.0;
				TARGETED_DEVICE_FAMILY = "1,2";
			};
			name = Debug;
		};
		1CB81F542CAD2B86000D9166 /* Release */ = {
			isa = XCBuildConfiguration;
			buildSettings = {
				ASSETCATALOG_COMPILER_APPICON_NAME = AppIcon;
				ASSETCATALOG_COMPILER_GLOBAL_ACCENT_COLOR_NAME = AccentColor;
				CODE_SIGN_STYLE = Automatic;
				CURRENT_PROJECT_VERSION = 1;
				DEVELOPMENT_ASSET_PATHS = "\"VinSearch/Preview Content\"";
				ENABLE_PREVIEWS = YES;
				GENERATE_INFOPLIST_FILE = YES;
				INFOPLIST_KEY_UIApplicationSceneManifest_Generation = YES;
				INFOPLIST_KEY_UIApplicationSupportsIndirectInputEvents = YES;
				INFOPLIST_KEY_UILaunchScreen_Generation = YES;
				INFOPLIST_KEY_UISupportedInterfaceOrientations_iPad = "UIInterfaceOrientationPortrait UIInterfaceOrientationPortraitUpsideDown UIInterfaceOrientationLandscapeLeft UIInterfaceOrientationLandscapeRight";
				INFOPLIST_KEY_UISupportedInterfaceOrientations_iPhone = "UIInterfaceOrientationPortrait UIInterfaceOrientationLandscapeLeft UIInterfaceOrientationLandscapeRight";
				LD_RUNPATH_SEARCH_PATHS = (
					"$(inherited)",
					"@executable_path/Frameworks",
				);
				MARKETING_VERSION = 1.0;
				PRODUCT_BUNDLE_IDENTIFIER = org.test.VinSearch;
				PRODUCT_NAME = "$(TARGET_NAME)";
				SWIFT_EMIT_LOC_STRINGS = YES;
				SWIFT_VERSION = 5.0;
				TARGETED_DEVICE_FAMILY = "1,2";
			};
			name = Release;
		};
		1CB81F562CAD2B86000D9166 /* Debug */ = {
			isa = XCBuildConfiguration;
			buildSettings = {
				ALWAYS_EMBED_SWIFT_STANDARD_LIBRARIES = YES;
				BUNDLE_LOADER = "$(TEST_HOST)";
				CODE_SIGN_STYLE = Automatic;
				CURRENT_PROJECT_VERSION = 1;
				GENERATE_INFOPLIST_FILE = YES;
				IPHONEOS_DEPLOYMENT_TARGET = 17.2;
				MARKETING_VERSION = 1.0;
				PRODUCT_BUNDLE_IDENTIFIER = org.test.VinSearchTests;
				PRODUCT_NAME = "$(TARGET_NAME)";
				SWIFT_EMIT_LOC_STRINGS = NO;
				SWIFT_VERSION = 5.0;
				TARGETED_DEVICE_FAMILY = "1,2";
				TEST_HOST = "$(BUILT_PRODUCTS_DIR)/VinSearch.app/$(BUNDLE_EXECUTABLE_FOLDER_PATH)/VinSearch";
			};
			name = Debug;
		};
		1CB81F572CAD2B86000D9166 /* Release */ = {
			isa = XCBuildConfiguration;
			buildSettings = {
				ALWAYS_EMBED_SWIFT_STANDARD_LIBRARIES = YES;
				BUNDLE_LOADER = "$(TEST_HOST)";
				CODE_SIGN_STYLE = Automatic;
				CURRENT_PROJECT_VERSION = 1;
				GENERATE_INFOPLIST_FILE = YES;
				IPHONEOS_DEPLOYMENT_TARGET = 17.2;
				MARKETING_VERSION = 1.0;
				PRODUCT_BUNDLE_IDENTIFIER = org.test.VinSearchTests;
				PRODUCT_NAME = "$(TARGET_NAME)";
				SWIFT_EMIT_LOC_STRINGS = NO;
				SWIFT_VERSION = 5.0;
				TARGETED_DEVICE_FAMILY = "1,2";
				TEST_HOST = "$(BUILT_PRODUCTS_DIR)/VinSearch.app/$(BUNDLE_EXECUTABLE_FOLDER_PATH)/VinSearch";
			};
			name = Release;
		};
		1CB81F592CAD2B86000D9166 /* Debug */ = {
			isa = XCBuildConfiguration;
			buildSettings = {
				ALWAYS_EMBED_SWIFT_STANDARD_LIBRARIES = YES;
				CODE_SIGN_STYLE = Automatic;
				CURRENT_PROJECT_VERSION = 1;
				GENERATE_INFOPLIST_FILE = YES;
				MARKETING_VERSION = 1.0;
				PRODUCT_BUNDLE_IDENTIFIER = org.test.VinSearchUITests;
				PRODUCT_NAME = "$(TARGET_NAME)";
				SWIFT_EMIT_LOC_STRINGS = NO;
				SWIFT_VERSION = 5.0;
				TARGETED_DEVICE_FAMILY = "1,2";
				TEST_TARGET_NAME = VinSearch;
			};
			name = Debug;
		};
		1CB81F5A2CAD2B86000D9166 /* Release */ = {
			isa = XCBuildConfiguration;
			buildSettings = {
				ALWAYS_EMBED_SWIFT_STANDARD_LIBRARIES = YES;
				CODE_SIGN_STYLE = Automatic;
				CURRENT_PROJECT_VERSION = 1;
				GENERATE_INFOPLIST_FILE = YES;
				MARKETING_VERSION = 1.0;
				PRODUCT_BUNDLE_IDENTIFIER = org.test.VinSearchUITests;
				PRODUCT_NAME = "$(TARGET_NAME)";
				SWIFT_EMIT_LOC_STRINGS = NO;
				SWIFT_VERSION = 5.0;
				TARGETED_DEVICE_FAMILY = "1,2";
				TEST_TARGET_NAME = VinSearch;
			};
			name = Release;
		};
/* End XCBuildConfiguration section */

/* Begin XCConfigurationList section */
		1CB81F272CAD2B6C000D9166 /* Build configuration list for PBXProject "VinSearch" */ = {
			isa = XCConfigurationList;
			buildConfigurations = (
				1CB81F502CAD2B86000D9166 /* Debug */,
				1CB81F512CAD2B86000D9166 /* Release */,
			);
			defaultConfigurationIsVisible = 0;
			defaultConfigurationName = Release;
		};
		1CB81F522CAD2B86000D9166 /* Build configuration list for PBXNativeTarget "VinSearch" */ = {
			isa = XCConfigurationList;
			buildConfigurations = (
				1CB81F532CAD2B86000D9166 /* Debug */,
				1CB81F542CAD2B86000D9166 /* Release */,
			);
			defaultConfigurationIsVisible = 0;
			defaultConfigurationName = Release;
		};
		1CB81F552CAD2B86000D9166 /* Build configuration list for PBXNativeTarget "VinSearchTests" */ = {
			isa = XCConfigurationList;
			buildConfigurations = (
				1CB81F562CAD2B86000D9166 /* Debug */,
				1CB81F572CAD2B86000D9166 /* Release */,
			);
			defaultConfigurationIsVisible = 0;
			defaultConfigurationName = Release;
		};
		1CB81F582CAD2B86000D9166 /* Build configuration list for PBXNativeTarget "VinSearchUITests" */ = {
			isa = XCConfigurationList;
			buildConfigurations = (
				1CB81F592CAD2B86000D9166 /* Debug */,
				1CB81F5A2CAD2B86000D9166 /* Release */,
			);
			defaultConfigurationIsVisible = 0;
			defaultConfigurationName = Release;
		};
/* End XCConfigurationList section */
	};
	rootObject = 1CB81F242CAD2B6C000D9166 /* Project object */;
}
